// !$*UTF8*$!
{
	archiveVersion = 1;
	classes = {
	};
	objectVersion = 48;
	objects = {

/* Begin PBXBuildFile section */
		1CBDEC19E88B241CD50A288E /* Pods_XMPPChatClient.framework in Frameworks */ = {isa = PBXBuildFile; fileRef = 5B8A3A25AD63BB47CAAD888C /* Pods_XMPPChatClient.framework */; };
		AF2CA6451F7ECF4B007B8850 /* XMPPController.swift in Sources */ = {isa = PBXBuildFile; fileRef = AF2CA6441F7ECF4B007B8850 /* XMPPController.swift */; };
		AF2CA6471F7EE005007B8850 /* ChatViewController.swift in Sources */ = {isa = PBXBuildFile; fileRef = AF2CA6461F7EE005007B8850 /* ChatViewController.swift */; };
		AF2CA6491F81257C007B8850 /* MessageDelegate.swift in Sources */ = {isa = PBXBuildFile; fileRef = AF2CA6481F81257C007B8850 /* MessageDelegate.swift */; };
		AFEEA72F1F7CF5C100F913AB /* AppDelegate.swift in Sources */ = {isa = PBXBuildFile; fileRef = AFEEA72E1F7CF5C100F913AB /* AppDelegate.swift */; };
		AFEEA7311F7CF5C100F913AB /* ViewController.swift in Sources */ = {isa = PBXBuildFile; fileRef = AFEEA7301F7CF5C100F913AB /* ViewController.swift */; };
		AFEEA7341F7CF5C100F913AB /* Main.storyboard in Resources */ = {isa = PBXBuildFile; fileRef = AFEEA7321F7CF5C100F913AB /* Main.storyboard */; };
		AFEEA7361F7CF5C100F913AB /* Assets.xcassets in Resources */ = {isa = PBXBuildFile; fileRef = AFEEA7351F7CF5C100F913AB /* Assets.xcassets */; };
		AFEEA7391F7CF5C100F913AB /* LaunchScreen.storyboard in Resources */ = {isa = PBXBuildFile; fileRef = AFEEA7371F7CF5C100F913AB /* LaunchScreen.storyboard */; };
/* End PBXBuildFile section */

/* Begin PBXFileReference section */
		0A6FFFFEE29B97AF5D75A8AA /* Pods-XMPPChatClient.debug.xcconfig */ = {isa = PBXFileReference; includeInIndex = 1; lastKnownFileType = text.xcconfig; name = "Pods-XMPPChatClient.debug.xcconfig"; path = "Pods/Target Support Files/Pods-XMPPChatClient/Pods-XMPPChatClient.debug.xcconfig"; sourceTree = "<group>"; };
		5B8A3A25AD63BB47CAAD888C /* Pods_XMPPChatClient.framework */ = {isa = PBXFileReference; explicitFileType = wrapper.framework; includeInIndex = 0; path = Pods_XMPPChatClient.framework; sourceTree = BUILT_PRODUCTS_DIR; };
		5F3FCC58C55D9EE29CB901CD /* Pods_XMPP.framework */ = {isa = PBXFileReference; explicitFileType = wrapper.framework; includeInIndex = 0; path = Pods_XMPP.framework; sourceTree = BUILT_PRODUCTS_DIR; };
		90739F0836B596C041DFCBB2 /* Pods-XMPPChatClient.release.xcconfig */ = {isa = PBXFileReference; includeInIndex = 1; lastKnownFileType = text.xcconfig; name = "Pods-XMPPChatClient.release.xcconfig"; path = "Pods/Target Support Files/Pods-XMPPChatClient/Pods-XMPPChatClient.release.xcconfig"; sourceTree = "<group>"; };
		AF2CA6441F7ECF4B007B8850 /* XMPPController.swift */ = {isa = PBXFileReference; lastKnownFileType = sourcecode.swift; path = XMPPController.swift; sourceTree = "<group>"; };
		AF2CA6461F7EE005007B8850 /* ChatViewController.swift */ = {isa = PBXFileReference; lastKnownFileType = sourcecode.swift; path = ChatViewController.swift; sourceTree = "<group>"; };
		AF2CA6481F81257C007B8850 /* MessageDelegate.swift */ = {isa = PBXFileReference; lastKnownFileType = sourcecode.swift; path = MessageDelegate.swift; sourceTree = "<group>"; };
		AFEEA72B1F7CF5C100F913AB /* XMPPChatClient.app */ = {isa = PBXFileReference; explicitFileType = wrapper.application; includeInIndex = 0; path = XMPPChatClient.app; sourceTree = BUILT_PRODUCTS_DIR; };
		AFEEA72E1F7CF5C100F913AB /* AppDelegate.swift */ = {isa = PBXFileReference; lastKnownFileType = sourcecode.swift; path = AppDelegate.swift; sourceTree = "<group>"; };
		AFEEA7301F7CF5C100F913AB /* ViewController.swift */ = {isa = PBXFileReference; lastKnownFileType = sourcecode.swift; path = ViewController.swift; sourceTree = "<group>"; };
		AFEEA7331F7CF5C100F913AB /* Base */ = {isa = PBXFileReference; lastKnownFileType = file.storyboard; name = Base; path = Base.lproj/Main.storyboard; sourceTree = "<group>"; };
		AFEEA7351F7CF5C100F913AB /* Assets.xcassets */ = {isa = PBXFileReference; lastKnownFileType = folder.assetcatalog; path = Assets.xcassets; sourceTree = "<group>"; };
		AFEEA7381F7CF5C100F913AB /* Base */ = {isa = PBXFileReference; lastKnownFileType = file.storyboard; name = Base; path = Base.lproj/LaunchScreen.storyboard; sourceTree = "<group>"; };
		AFEEA73A1F7CF5C100F913AB /* Info.plist */ = {isa = PBXFileReference; lastKnownFileType = text.plist.xml; path = Info.plist; sourceTree = "<group>"; };
/* End PBXFileReference section */

/* Begin PBXFrameworksBuildPhase section */
		AFEEA7281F7CF5C100F913AB /* Frameworks */ = {
			isa = PBXFrameworksBuildPhase;
			buildActionMask = 2147483647;
			files = (
				1CBDEC19E88B241CD50A288E /* Pods_XMPPChatClient.framework in Frameworks */,
			);
			runOnlyForDeploymentPostprocessing = 0;
		};
/* End PBXFrameworksBuildPhase section */

/* Begin PBXGroup section */
		AE736A776A65DD402F1D943F /* Frameworks */ = {
			isa = PBXGroup;
			children = (
				5F3FCC58C55D9EE29CB901CD /* Pods_XMPP.framework */,
				5B8A3A25AD63BB47CAAD888C /* Pods_XMPPChatClient.framework */,
			);
			name = Frameworks;
			sourceTree = "<group>";
		};
		AF3FED2B1F7CFA9A006DC2C3 /* Supporting Files */ = {
			isa = PBXGroup;
			children = (
				AFEEA72E1F7CF5C100F913AB /* AppDelegate.swift */,
				AFEEA7371F7CF5C100F913AB /* LaunchScreen.storyboard */,
				AFEEA73A1F7CF5C100F913AB /* Info.plist */,
			);
			path = "Supporting Files";
			sourceTree = "<group>";
		};
		AF682DE03CF6D2086687BA2F /* Pods */ = {
			isa = PBXGroup;
			children = (
				0A6FFFFEE29B97AF5D75A8AA /* Pods-XMPPChatClient.debug.xcconfig */,
				90739F0836B596C041DFCBB2 /* Pods-XMPPChatClient.release.xcconfig */,
			);
			name = Pods;
			sourceTree = "<group>";
		};
		AFEEA7221F7CF5C100F913AB = {
			isa = PBXGroup;
			children = (
				AFEEA72D1F7CF5C100F913AB /* XMPP */,
				AFEEA72C1F7CF5C100F913AB /* Products */,
				AF682DE03CF6D2086687BA2F /* Pods */,
				AE736A776A65DD402F1D943F /* Frameworks */,
			);
			sourceTree = "<group>";
		};
		AFEEA72C1F7CF5C100F913AB /* Products */ = {
			isa = PBXGroup;
			children = (
				AFEEA72B1F7CF5C100F913AB /* XMPPChatClient.app */,
			);
			name = Products;
			sourceTree = "<group>";
		};
		AFEEA72D1F7CF5C100F913AB /* XMPP */ = {
			isa = PBXGroup;
			children = (
				AF3FED2B1F7CFA9A006DC2C3 /* Supporting Files */,
				AFEEA7301F7CF5C100F913AB /* ViewController.swift */,
				AF2CA6461F7EE005007B8850 /* ChatViewController.swift */,
				AF2CA6441F7ECF4B007B8850 /* XMPPController.swift */,
				AFEEA7321F7CF5C100F913AB /* Main.storyboard */,
				AFEEA7351F7CF5C100F913AB /* Assets.xcassets */,
				AF2CA6481F81257C007B8850 /* MessageDelegate.swift */,
			);
			path = XMPP;
			sourceTree = "<group>";
		};
/* End PBXGroup section */

/* Begin PBXNativeTarget section */
		AFEEA72A1F7CF5C100F913AB /* XMPPChatClient */ = {
			isa = PBXNativeTarget;
			buildConfigurationList = AFEEA73D1F7CF5C100F913AB /* Build configuration list for PBXNativeTarget "XMPPChatClient" */;
			buildPhases = (
				699060623B74DE96FA51FBC4 /* [CP] Check Pods Manifest.lock */,
				AFEEA7271F7CF5C100F913AB /* Sources */,
				AFEEA7281F7CF5C100F913AB /* Frameworks */,
				AFEEA7291F7CF5C100F913AB /* Resources */,
				8C0B34E58BBBA0FEDE47A8E5 /* [CP] Embed Pods Frameworks */,
				5236B496E138455AE6367AD4 /* [CP] Copy Pods Resources */,
			);
			buildRules = (
			);
			dependencies = (
			);
			name = XMPPChatClient;
			productName = XMPP;
			productReference = AFEEA72B1F7CF5C100F913AB /* XMPPChatClient.app */;
			productType = "com.apple.product-type.application";
		};
/* End PBXNativeTarget section */

/* Begin PBXProject section */
		AFEEA7231F7CF5C100F913AB /* Project object */ = {
			isa = PBXProject;
			attributes = {
				LastSwiftUpdateCheck = 0900;
				LastUpgradeCheck = 0900;
				ORGANIZATIONNAME = "Nicollette Karaivanova";
				TargetAttributes = {
					AFEEA72A1F7CF5C100F913AB = {
						CreatedOnToolsVersion = 9.0;
						ProvisioningStyle = Automatic;
					};
				};
			};
			buildConfigurationList = AFEEA7261F7CF5C100F913AB /* Build configuration list for PBXProject "XMPPChatClient" */;
			compatibilityVersion = "Xcode 8.0";
			developmentRegion = en;
			hasScannedForEncodings = 0;
			knownRegions = (
				en,
				Base,
			);
			mainGroup = AFEEA7221F7CF5C100F913AB;
			productRefGroup = AFEEA72C1F7CF5C100F913AB /* Products */;
			projectDirPath = "";
			projectRoot = "";
			targets = (
				AFEEA72A1F7CF5C100F913AB /* XMPPChatClient */,
			);
		};
/* End PBXProject section */

/* Begin PBXResourcesBuildPhase section */
		AFEEA7291F7CF5C100F913AB /* Resources */ = {
			isa = PBXResourcesBuildPhase;
			buildActionMask = 2147483647;
			files = (
				AFEEA7391F7CF5C100F913AB /* LaunchScreen.storyboard in Resources */,
				AFEEA7361F7CF5C100F913AB /* Assets.xcassets in Resources */,
				AFEEA7341F7CF5C100F913AB /* Main.storyboard in Resources */,
			);
			runOnlyForDeploymentPostprocessing = 0;
		};
/* End PBXResourcesBuildPhase section */

/* Begin PBXShellScriptBuildPhase section */
		5236B496E138455AE6367AD4 /* [CP] Copy Pods Resources */ = {
			isa = PBXShellScriptBuildPhase;
			buildActionMask = 2147483647;
			files = (
			);
			inputPaths = (
			);
			name = "[CP] Copy Pods Resources";
			outputPaths = (
			);
			runOnlyForDeploymentPostprocessing = 0;
			shellPath = /bin/sh;
			shellScript = "\"${SRCROOT}/Pods/Target Support Files/Pods-XMPPChatClient/Pods-XMPPChatClient-resources.sh\"\n";
			showEnvVarsInLog = 0;
		};
		699060623B74DE96FA51FBC4 /* [CP] Check Pods Manifest.lock */ = {
			isa = PBXShellScriptBuildPhase;
			buildActionMask = 2147483647;
			files = (
			);
			inputPaths = (
				"${PODS_PODFILE_DIR_PATH}/Podfile.lock",
				"${PODS_ROOT}/Manifest.lock",
			);
			name = "[CP] Check Pods Manifest.lock";
			outputPaths = (
				"$(DERIVED_FILE_DIR)/Pods-XMPPChatClient-checkManifestLockResult.txt",
			);
			runOnlyForDeploymentPostprocessing = 0;
			shellPath = /bin/sh;
			shellScript = "diff \"${PODS_PODFILE_DIR_PATH}/Podfile.lock\" \"${PODS_ROOT}/Manifest.lock\" > /dev/null\nif [ $? != 0 ] ; then\n    # print error to STDERR\n    echo \"error: The sandbox is not in sync with the Podfile.lock. Run 'pod install' or update your CocoaPods installation.\" >&2\n    exit 1\nfi\n# This output is used by Xcode 'outputs' to avoid re-running this script phase.\necho \"SUCCESS\" > \"${SCRIPT_OUTPUT_FILE_0}\"\n";
			showEnvVarsInLog = 0;
		};
		8C0B34E58BBBA0FEDE47A8E5 /* [CP] Embed Pods Frameworks */ = {
			isa = PBXShellScriptBuildPhase;
			buildActionMask = 2147483647;
			files = (
			);
			inputPaths = (
				"${SRCROOT}/Pods/Target Support Files/Pods-XMPPChatClient/Pods-XMPPChatClient-frameworks.sh",
				"${BUILT_PRODUCTS_DIR}/CocoaAsyncSocket/CocoaAsyncSocket.framework",
				"${BUILT_PRODUCTS_DIR}/CocoaLumberjack/CocoaLumberjack.framework",
				"${BUILT_PRODUCTS_DIR}/KissXML/KissXML.framework",
				"${BUILT_PRODUCTS_DIR}/XMPPFramework/XMPPFramework.framework",
			);
			name = "[CP] Embed Pods Frameworks";
			outputPaths = (
				"${TARGET_BUILD_DIR}/${FRAMEWORKS_FOLDER_PATH}/CocoaAsyncSocket.framework",
				"${TARGET_BUILD_DIR}/${FRAMEWORKS_FOLDER_PATH}/CocoaLumberjack.framework",
				"${TARGET_BUILD_DIR}/${FRAMEWORKS_FOLDER_PATH}/KissXML.framework",
				"${TARGET_BUILD_DIR}/${FRAMEWORKS_FOLDER_PATH}/XMPPFramework.framework",
			);
			runOnlyForDeploymentPostprocessing = 0;
			shellPath = /bin/sh;
			shellScript = "\"${SRCROOT}/Pods/Target Support Files/Pods-XMPPChatClient/Pods-XMPPChatClient-frameworks.sh\"\n";
			showEnvVarsInLog = 0;
		};
/* End PBXShellScriptBuildPhase section */

/* Begin PBXSourcesBuildPhase section */
		AFEEA7271F7CF5C100F913AB /* Sources */ = {
			isa = PBXSourcesBuildPhase;
			buildActionMask = 2147483647;
			files = (
				AF2CA6491F81257C007B8850 /* MessageDelegate.swift in Sources */,
				AF2CA6451F7ECF4B007B8850 /* XMPPController.swift in Sources */,
				AFEEA7311F7CF5C100F913AB /* ViewController.swift in Sources */,
				AF2CA6471F7EE005007B8850 /* ChatViewController.swift in Sources */,
				AFEEA72F1F7CF5C100F913AB /* AppDelegate.swift in Sources */,
			);
			runOnlyForDeploymentPostprocessing = 0;
		};
/* End PBXSourcesBuildPhase section */

/* Begin PBXVariantGroup section */
		AFEEA7321F7CF5C100F913AB /* Main.storyboard */ = {
			isa = PBXVariantGroup;
			children = (
				AFEEA7331F7CF5C100F913AB /* Base */,
			);
			name = Main.storyboard;
			sourceTree = "<group>";
		};
		AFEEA7371F7CF5C100F913AB /* LaunchScreen.storyboard */ = {
			isa = PBXVariantGroup;
			children = (
				AFEEA7381F7CF5C100F913AB /* Base */,
			);
			name = LaunchScreen.storyboard;
			sourceTree = "<group>";
		};
/* End PBXVariantGroup section */

/* Begin XCBuildConfiguration section */
		AFEEA73B1F7CF5C100F913AB /* Debug */ = {
			isa = XCBuildConfiguration;
			buildSettings = {
				ALWAYS_SEARCH_USER_PATHS = NO;
				CLANG_ANALYZER_NONNULL = YES;
				CLANG_ANALYZER_NUMBER_OBJECT_CONVERSION = YES_AGGRESSIVE;
				CLANG_CXX_LANGUAGE_STANDARD = "gnu++14";
				CLANG_CXX_LIBRARY = "libc++";
				CLANG_ENABLE_MODULES = YES;
				CLANG_ENABLE_OBJC_ARC = YES;
				CLANG_WARN_BLOCK_CAPTURE_AUTORELEASING = YES;
				CLANG_WARN_BOOL_CONVERSION = YES;
				CLANG_WARN_COMMA = YES;
				CLANG_WARN_CONSTANT_CONVERSION = YES;
				CLANG_WARN_DIRECT_OBJC_ISA_USAGE = YES_ERROR;
				CLANG_WARN_DOCUMENTATION_COMMENTS = YES;
				CLANG_WARN_EMPTY_BODY = YES;
				CLANG_WARN_ENUM_CONVERSION = YES;
				CLANG_WARN_INFINITE_RECURSION = YES;
				CLANG_WARN_INT_CONVERSION = YES;
				CLANG_WARN_NON_LITERAL_NULL_CONVERSION = YES;
				CLANG_WARN_OBJC_LITERAL_CONVERSION = YES;
				CLANG_WARN_OBJC_ROOT_CLASS = YES_ERROR;
				CLANG_WARN_RANGE_LOOP_ANALYSIS = YES;
				CLANG_WARN_STRICT_PROTOTYPES = YES;
				CLANG_WARN_SUSPICIOUS_MOVE = YES;
				CLANG_WARN_UNGUARDED_AVAILABILITY = YES_AGGRESSIVE;
				CLANG_WARN_UNREACHABLE_CODE = YES;
				CLANG_WARN__DUPLICATE_METHOD_MATCH = YES;
				CODE_SIGN_IDENTITY = "iPhone Developer";
				COPY_PHASE_STRIP = NO;
				DEBUG_INFORMATION_FORMAT = dwarf;
				ENABLE_STRICT_OBJC_MSGSEND = YES;
				ENABLE_TESTABILITY = YES;
				GCC_C_LANGUAGE_STANDARD = gnu11;
				GCC_DYNAMIC_NO_PIC = NO;
				GCC_NO_COMMON_BLOCKS = YES;
				GCC_OPTIMIZATION_LEVEL = 0;
				GCC_PREPROCESSOR_DEFINITIONS = (
					"DEBUG=1",
					"$(inherited)",
				);
				GCC_WARN_64_TO_32_BIT_CONVERSION = YES;
				GCC_WARN_ABOUT_RETURN_TYPE = YES_ERROR;
				GCC_WARN_UNDECLARED_SELECTOR = YES;
				GCC_WARN_UNINITIALIZED_AUTOS = YES_AGGRESSIVE;
				GCC_WARN_UNUSED_FUNCTION = YES;
				GCC_WARN_UNUSED_VARIABLE = YES;
				IPHONEOS_DEPLOYMENT_TARGET = 11.0;
				MTL_ENABLE_DEBUG_INFO = YES;
				ONLY_ACTIVE_ARCH = YES;
				SDKROOT = iphoneos;
				SWIFT_ACTIVE_COMPILATION_CONDITIONS = DEBUG;
				SWIFT_OPTIMIZATION_LEVEL = "-Onone";
			};
			name = Debug;
		};
		AFEEA73C1F7CF5C100F913AB /* Release */ = {
			isa = XCBuildConfiguration;
			buildSettings = {
				ALWAYS_SEARCH_USER_PATHS = NO;
				CLANG_ANALYZER_NONNULL = YES;
				CLANG_ANALYZER_NUMBER_OBJECT_CONVERSION = YES_AGGRESSIVE;
				CLANG_CXX_LANGUAGE_STANDARD = "gnu++14";
				CLANG_CXX_LIBRARY = "libc++";
				CLANG_ENABLE_MODULES = YES;
				CLANG_ENABLE_OBJC_ARC = YES;
				CLANG_WARN_BLOCK_CAPTURE_AUTORELEASING = YES;
				CLANG_WARN_BOOL_CONVERSION = YES;
				CLANG_WARN_COMMA = YES;
				CLANG_WARN_CONSTANT_CONVERSION = YES;
				CLANG_WARN_DIRECT_OBJC_ISA_USAGE = YES_ERROR;
				CLANG_WARN_DOCUMENTATION_COMMENTS = YES;
				CLANG_WARN_EMPTY_BODY = YES;
				CLANG_WARN_ENUM_CONVERSION = YES;
				CLANG_WARN_INFINITE_RECURSION = YES;
				CLANG_WARN_INT_CONVERSION = YES;
				CLANG_WARN_NON_LITERAL_NULL_CONVERSION = YES;
				CLANG_WARN_OBJC_LITERAL_CONVERSION = YES;
				CLANG_WARN_OBJC_ROOT_CLASS = YES_ERROR;
				CLANG_WARN_RANGE_LOOP_ANALYSIS = YES;
				CLANG_WARN_STRICT_PROTOTYPES = YES;
				CLANG_WARN_SUSPICIOUS_MOVE = YES;
				CLANG_WARN_UNGUARDED_AVAILABILITY = YES_AGGRESSIVE;
				CLANG_WARN_UNREACHABLE_CODE = YES;
				CLANG_WARN__DUPLICATE_METHOD_MATCH = YES;
				CODE_SIGN_IDENTITY = "iPhone Developer";
				COPY_PHASE_STRIP = NO;
				DEBUG_INFORMATION_FORMAT = "dwarf-with-dsym";
				ENABLE_NS_ASSERTIONS = NO;
				ENABLE_STRICT_OBJC_MSGSEND = YES;
				GCC_C_LANGUAGE_STANDARD = gnu11;
				GCC_NO_COMMON_BLOCKS = YES;
				GCC_WARN_64_TO_32_BIT_CONVERSION = YES;
				GCC_WARN_ABOUT_RETURN_TYPE = YES_ERROR;
				GCC_WARN_UNDECLARED_SELECTOR = YES;
				GCC_WARN_UNINITIALIZED_AUTOS = YES_AGGRESSIVE;
				GCC_WARN_UNUSED_FUNCTION = YES;
				GCC_WARN_UNUSED_VARIABLE = YES;
				IPHONEOS_DEPLOYMENT_TARGET = 11.0;
				MTL_ENABLE_DEBUG_INFO = NO;
				SDKROOT = iphoneos;
				SWIFT_OPTIMIZATION_LEVEL = "-Owholemodule";
				VALIDATE_PRODUCT = YES;
			};
			name = Release;
		};
		AFEEA73E1F7CF5C100F913AB /* Debug */ = {
			isa = XCBuildConfiguration;
			baseConfigurationReference = 0A6FFFFEE29B97AF5D75A8AA /* Pods-XMPPChatClient.debug.xcconfig */;
			buildSettings = {
				ASSETCATALOG_COMPILER_APPICON_NAME = AppIcon;
				CODE_SIGN_STYLE = Automatic;
				DEVELOPMENT_TEAM = ARS95VBX7M;
				FRAMEWORK_SEARCH_PATHS = (
					"$(inherited)",
					"\"$PODS_CONFIGURATION_BUILD_DIR/CocoaAsyncSocket\"",
					"\"$PODS_CONFIGURATION_BUILD_DIR/CocoaLumberjack\"",
					"\"$PODS_CONFIGURATION_BUILD_DIR/KissXML\"",
					"\"$PODS_CONFIGURATION_BUILD_DIR/XMPPFramework\"/**",
				);
				INFOPLIST_FILE = "$(SRCROOT)/XMPP/Supporting Files/Info.plist";
				LD_RUNPATH_SEARCH_PATHS = "$(inherited) @executable_path/Frameworks";
				PRODUCT_BUNDLE_IDENTIFIER = com.nicollette.XMPP;
				PRODUCT_NAME = "$(TARGET_NAME)";
				SWIFT_VERSION = 4.0;
				TARGETED_DEVICE_FAMILY = "1,2";
			};
			name = Debug;
		};
		AFEEA73F1F7CF5C100F913AB /* Release */ = {
			isa = XCBuildConfiguration;
			baseConfigurationReference = 90739F0836B596C041DFCBB2 /* Pods-XMPPChatClient.release.xcconfig */;
			buildSettings = {
				ASSETCATALOG_COMPILER_APPICON_NAME = AppIcon;
				CODE_SIGN_STYLE = Automatic;
				DEVELOPMENT_TEAM = ARS95VBX7M;
				FRAMEWORK_SEARCH_PATHS = (
					"$(inherited)",
					"\"$PODS_CONFIGURATION_BUILD_DIR/CocoaAsyncSocket\"",
					"\"$PODS_CONFIGURATION_BUILD_DIR/CocoaLumberjack\"",
					"\"$PODS_CONFIGURATION_BUILD_DIR/KissXML\"",
					"\"$PODS_CONFIGURATION_BUILD_DIR/XMPPFramework\"/**",
				);
				INFOPLIST_FILE = "$(SRCROOT)/XMPP/Supporting Files/Info.plist";
				LD_RUNPATH_SEARCH_PATHS = "$(inherited) @executable_path/Frameworks";
				PRODUCT_BUNDLE_IDENTIFIER = com.nicollette.XMPP;
				PRODUCT_NAME = "$(TARGET_NAME)";
				SWIFT_VERSION = 4.0;
				TARGETED_DEVICE_FAMILY = "1,2";
			};
			name = Release;
		};
/* End XCBuildConfiguration section */

/* Begin XCConfigurationList section */
		AFEEA7261F7CF5C100F913AB /* Build configuration list for PBXProject "XMPPChatClient" */ = {
			isa = XCConfigurationList;
			buildConfigurations = (
				AFEEA73B1F7CF5C100F913AB /* Debug */,
				AFEEA73C1F7CF5C100F913AB /* Release */,
			);
			defaultConfigurationIsVisible = 0;
			defaultConfigurationName = Release;
		};
		AFEEA73D1F7CF5C100F913AB /* Build configuration list for PBXNativeTarget "XMPPChatClient" */ = {
			isa = XCConfigurationList;
			buildConfigurations = (
				AFEEA73E1F7CF5C100F913AB /* Debug */,
				AFEEA73F1F7CF5C100F913AB /* Release */,
			);
			defaultConfigurationIsVisible = 0;
			defaultConfigurationName = Release;
		};
/* End XCConfigurationList section */
	};
	rootObject = AFEEA7231F7CF5C100F913AB /* Project object */;
}
